// !$*UTF8*$!
{
	archiveVersion = 1;
	classes = {
	};
	objectVersion = 50;
	objects = {

/* Begin PBXBuildFile section */
		14DAEDA626AC680B00683E6D /* AppDelegate.swift in Sources */ = {isa = PBXBuildFile; fileRef = 14DAEDA526AC680B00683E6D /* AppDelegate.swift */; };
		14DAEDA826AC680B00683E6D /* SceneDelegate.swift in Sources */ = {isa = PBXBuildFile; fileRef = 14DAEDA726AC680B00683E6D /* SceneDelegate.swift */; };
		14DAEDAA26AC680B00683E6D /* ContentView.swift in Sources */ = {isa = PBXBuildFile; fileRef = 14DAEDA926AC680B00683E6D /* ContentView.swift */; };
		14DAEDAC26AC680D00683E6D /* Assets.xcassets in Resources */ = {isa = PBXBuildFile; fileRef = 14DAEDAB26AC680D00683E6D /* Assets.xcassets */; };
		14DAEDAF26AC680D00683E6D /* Preview Assets.xcassets in Resources */ = {isa = PBXBuildFile; fileRef = 14DAEDAE26AC680D00683E6D /* Preview Assets.xcassets */; };
		14DAEDB226AC680D00683E6D /* LaunchScreen.storyboard in Resources */ = {isa = PBXBuildFile; fileRef = 14DAEDB026AC680D00683E6D /* LaunchScreen.storyboard */; };
/* End PBXBuildFile section */

/* Begin PBXFileReference section */
		14DAEDA226AC680B00683E6D /* CheckListsSwiftUI.app */ = {isa = PBXFileReference; explicitFileType = wrapper.application; includeInIndex = 0; path = CheckListsSwiftUI.app; sourceTree = BUILT_PRODUCTS_DIR; };
		14DAEDA526AC680B00683E6D /* AppDelegate.swift */ = {isa = PBXFileReference; lastKnownFileType = sourcecode.swift; path = AppDelegate.swift; sourceTree = "<group>"; };
		14DAEDA726AC680B00683E6D /* SceneDelegate.swift */ = {isa = PBXFileReference; lastKnownFileType = sourcecode.swift; path = SceneDelegate.swift; sourceTree = "<group>"; };
		14DAEDA926AC680B00683E6D /* ContentView.swift */ = {isa = PBXFileReference; lastKnownFileType = sourcecode.swift; path = ContentView.swift; sourceTree = "<group>"; };
		14DAEDAB26AC680D00683E6D /* Assets.xcassets */ = {isa = PBXFileReference; lastKnownFileType = folder.assetcatalog; path = Assets.xcassets; sourceTree = "<group>"; };
		14DAEDAE26AC680D00683E6D /* Preview Assets.xcassets */ = {isa = PBXFileReference; lastKnownFileType = folder.assetcatalog; path = "Preview Assets.xcassets"; sourceTree = "<group>"; };
		14DAEDB126AC680D00683E6D /* Base */ = {isa = PBXFileReference; lastKnownFileType = file.storyboard; name = Base; path = Base.lproj/LaunchScreen.storyboard; sourceTree = "<group>"; };
		14DAEDB326AC680D00683E6D /* Info.plist */ = {isa = PBXFileReference; lastKnownFileType = text.plist.xml; path = Info.plist; sourceTree = "<group>"; };
/* End PBXFileReference section */

/* Begin PBXFrameworksBuildPhase section */
		14DAED9F26AC680B00683E6D /* Frameworks */ = {
			isa = PBXFrameworksBuildPhase;
			buildActionMask = 2147483647;
			files = (
			);
			runOnlyForDeploymentPostprocessing = 0;
		};
/* End PBXFrameworksBuildPhase section */

/* Begin PBXGroup section */
		14DAED9926AC680B00683E6D = {
			isa = PBXGroup;
			children = (
				14DAEDA426AC680B00683E6D /* CheckListsSwiftUI */,
				14DAEDA326AC680B00683E6D /* Products */,
			);
			sourceTree = "<group>";
		};
		14DAEDA326AC680B00683E6D /* Products */ = {
			isa = PBXGroup;
			children = (
				14DAEDA226AC680B00683E6D /* CheckListsSwiftUI.app */,
			);
			name = Products;
			sourceTree = "<group>";
		};
		14DAEDA426AC680B00683E6D /* CheckListsSwiftUI */ = {
			isa = PBXGroup;
			children = (
				14DAEDA526AC680B00683E6D /* AppDelegate.swift */,
				14DAEDA726AC680B00683E6D /* SceneDelegate.swift */,
				14DAEDA926AC680B00683E6D /* ContentView.swift */,
				14DAEDAB26AC680D00683E6D /* Assets.xcassets */,
				14DAEDB026AC680D00683E6D /* LaunchScreen.storyboard */,
				14DAEDB326AC680D00683E6D /* Info.plist */,
				14DAEDAD26AC680D00683E6D /* Preview Content */,
			);
			path = CheckListsSwiftUI;
			sourceTree = "<group>";
		};
		14DAEDAD26AC680D00683E6D /* Preview Content */ = {
			isa = PBXGroup;
			children = (
				14DAEDAE26AC680D00683E6D /* Preview Assets.xcassets */,
			);
			path = "Preview Content";
			sourceTree = "<group>";
		};
/* End PBXGroup section */

/* Begin PBXNativeTarget section */
		14DAEDA126AC680B00683E6D /* CheckListsSwiftUI */ = {
			isa = PBXNativeTarget;
			buildConfigurationList = 14DAEDB626AC680D00683E6D /* Build configuration list for PBXNativeTarget "CheckListsSwiftUI" */;
			buildPhases = (
				14DAED9E26AC680B00683E6D /* Sources */,
				14DAED9F26AC680B00683E6D /* Frameworks */,
				14DAEDA026AC680B00683E6D /* Resources */,
			);
			buildRules = (
			);
			dependencies = (
			);
			name = CheckListsSwiftUI;
			productName = CheckListsSwiftUI;
			productReference = 14DAEDA226AC680B00683E6D /* CheckListsSwiftUI.app */;
			productType = "com.apple.product-type.application";
		};
/* End PBXNativeTarget section */

/* Begin PBXProject section */
		14DAED9A26AC680B00683E6D /* Project object */ = {
			isa = PBXProject;
			attributes = {
				LastSwiftUpdateCheck = 1250;
				LastUpgradeCheck = 1250;
				TargetAttributes = {
					14DAEDA126AC680B00683E6D = {
						CreatedOnToolsVersion = 12.5.1;
					};
				};
			};
			buildConfigurationList = 14DAED9D26AC680B00683E6D /* Build configuration list for PBXProject "CheckListsSwiftUI" */;
			compatibilityVersion = "Xcode 9.3";
			developmentRegion = en;
			hasScannedForEncodings = 0;
			knownRegions = (
				en,
				Base,
			);
			mainGroup = 14DAED9926AC680B00683E6D;
			productRefGroup = 14DAEDA326AC680B00683E6D /* Products */;
			projectDirPath = "";
			projectRoot = "";
			targets = (
				14DAEDA126AC680B00683E6D /* CheckListsSwiftUI */,
			);
		};
/* End PBXProject section */

/* Begin PBXResourcesBuildPhase section */
		14DAEDA026AC680B00683E6D /* Resources */ = {
			isa = PBXResourcesBuildPhase;
			buildActionMask = 2147483647;
			files = (
				14DAEDB226AC680D00683E6D /* LaunchScreen.storyboard in Resources */,
				14DAEDAF26AC680D00683E6D /* Preview Assets.xcassets in Resources */,
				14DAEDAC26AC680D00683E6D /* Assets.xcassets in Resources */,
			);
			runOnlyForDeploymentPostprocessing = 0;
		};
/* End PBXResourcesBuildPhase section */

/* Begin PBXSourcesBuildPhase section */
		14DAED9E26AC680B00683E6D /* Sources */ = {
			isa = PBXSourcesBuildPhase;
			buildActionMask = 2147483647;
			files = (
				14DAEDA626AC680B00683E6D /* AppDelegate.swift in Sources */,
				14DAEDA826AC680B00683E6D /* SceneDelegate.swift in Sources */,
				14DAEDAA26AC680B00683E6D /* ContentView.swift in Sources */,
			);
			runOnlyForDeploymentPostprocessing = 0;
		};
/* End PBXSourcesBuildPhase section */

/* Begin PBXVariantGroup section */
		14DAEDB026AC680D00683E6D /* LaunchScreen.storyboard */ = {
			isa = PBXVariantGroup;
			children = (
				14DAEDB126AC680D00683E6D /* Base */,
			);
			name = LaunchScreen.storyboard;
			sourceTree = "<group>";
		};
/* End PBXVariantGroup section */

/* Begin XCBuildConfiguration section */
		14DAEDB426AC680D00683E6D /* Debug */ = {
			isa = XCBuildConfiguration;
			buildSettings = {
				ALWAYS_SEARCH_USER_PATHS = NO;
				CLANG_ANALYZER_NONNULL = YES;
				CLANG_ANALYZER_NUMBER_OBJECT_CONVERSION = YES_AGGRESSIVE;
				CLANG_CXX_LANGUAGE_STANDARD = "gnu++14";
				CLANG_CXX_LIBRARY = "libc++";
				CLANG_ENABLE_MODULES = YES;
				CLANG_ENABLE_OBJC_ARC = YES;
				CLANG_ENABLE_OBJC_WEAK = YES;
				CLANG_WARN_BLOCK_CAPTURE_AUTORELEASING = YES;
				CLANG_WARN_BOOL_CONVERSION = YES;
				CLANG_WARN_COMMA = YES;
				CLANG_WARN_CONSTANT_CONVERSION = YES;
				CLANG_WARN_DEPRECATED_OBJC_IMPLEMENTATIONS = YES;
				CLANG_WARN_DIRECT_OBJC_ISA_USAGE = YES_ERROR;
				CLANG_WARN_DOCUMENTATION_COMMENTS = YES;
				CLANG_WARN_EMPTY_BODY = YES;
				CLANG_WARN_ENUM_CONVERSION = YES;
				CLANG_WARN_INFINITE_RECURSION = YES;
				CLANG_WARN_INT_CONVERSION = YES;
				CLANG_WARN_NON_LITERAL_NULL_CONVERSION = YES;
				CLANG_WARN_OBJC_IMPLICIT_RETAIN_SELF = YES;
				CLANG_WARN_OBJC_LITERAL_CONVERSION = YES;
				CLANG_WARN_OBJC_ROOT_CLASS = YES_ERROR;
				CLANG_WARN_QUOTED_INCLUDE_IN_FRAMEWORK_HEADER = YES;
				CLANG_WARN_RANGE_LOOP_ANALYSIS = YES;
				CLANG_WARN_STRICT_PROTOTYPES = YES;
				CLANG_WARN_SUSPICIOUS_MOVE = YES;
				CLANG_WARN_UNGUARDED_AVAILABILITY = YES_AGGRESSIVE;
				CLANG_WARN_UNREACHABLE_CODE = YES;
				CLANG_WARN__DUPLICATE_METHOD_MATCH = YES;
				COPY_PHASE_STRIP = NO;
				DEBUG_INFORMATION_FORMAT = dwarf;
				ENABLE_STRICT_OBJC_MSGSEND = YES;
				ENABLE_TESTABILITY = YES;
				GCC_C_LANGUAGE_STANDARD = gnu11;
				GCC_DYNAMIC_NO_PIC = NO;
				GCC_NO_COMMON_BLOCKS = YES;
				GCC_OPTIMIZATION_LEVEL = 0;
				GCC_PREPROCESSOR_DEFINITIONS = (
					"DEBUG=1",
					"$(inherited)",
				);
				GCC_WARN_64_TO_32_BIT_CONVERSION = YES;
				GCC_WARN_ABOUT_RETURN_TYPE = YES_ERROR;
				GCC_WARN_UNDECLARED_SELECTOR = YES;
				GCC_WARN_UNINITIALIZED_AUTOS = YES_AGGRESSIVE;
				GCC_WARN_UNUSED_FUNCTION = YES;
				GCC_WARN_UNUSED_VARIABLE = YES;
				IPHONEOS_DEPLOYMENT_TARGET = 14.5;
				MTL_ENABLE_DEBUG_INFO = INCLUDE_SOURCE;
				MTL_FAST_MATH = YES;
				ONLY_ACTIVE_ARCH = YES;
				SDKROOT = iphoneos;
				SWIFT_ACTIVE_COMPILATION_CONDITIONS = DEBUG;
				SWIFT_OPTIMIZATION_LEVEL = "-Onone";
			};
			name = Debug;
		};
		14DAEDB526AC680D00683E6D /* Release */ = {
			isa = XCBuildConfiguration;
			buildSettings = {
				ALWAYS_SEARCH_USER_PATHS = NO;
				CLANG_ANALYZER_NONNULL = YES;
				CLANG_ANALYZER_NUMBER_OBJECT_CONVERSION = YES_AGGRESSIVE;
				CLANG_CXX_LANGUAGE_STANDARD = "gnu++14";
				CLANG_CXX_LIBRARY = "libc++";
				CLANG_ENABLE_MODULES = YES;
				CLANG_ENABLE_OBJC_ARC = YES;
				CLANG_ENABLE_OBJC_WEAK = YES;
				CLANG_WARN_BLOCK_CAPTURE_AUTORELEASING = YES;
				CLANG_WARN_BOOL_CONVERSION = YES;
				CLANG_WARN_COMMA = YES;
				CLANG_WARN_CONSTANT_CONVERSION = YES;
				CLANG_WARN_DEPRECATED_OBJC_IMPLEMENTATIONS = YES;
				CLANG_WARN_DIRECT_OBJC_ISA_USAGE = YES_ERROR;
				CLANG_WARN_DOCUMENTATION_COMMENTS = YES;
				CLANG_WARN_EMPTY_BODY = YES;
				CLANG_WARN_ENUM_CONVERSION = YES;
				CLANG_WARN_INFINITE_RECURSION = YES;
				CLANG_WARN_INT_CONVERSION = YES;
				CLANG_WARN_NON_LITERAL_NULL_CONVERSION = YES;
				CLANG_WARN_OBJC_IMPLICIT_RETAIN_SELF = YES;
				CLANG_WARN_OBJC_LITERAL_CONVERSION = YES;
				CLANG_WARN_OBJC_ROOT_CLASS = YES_ERROR;
				CLANG_WARN_QUOTED_INCLUDE_IN_FRAMEWORK_HEADER = YES;
				CLANG_WARN_RANGE_LOOP_ANALYSIS = YES;
				CLANG_WARN_STRICT_PROTOTYPES = YES;
				CLANG_WARN_SUSPICIOUS_MOVE = YES;
				CLANG_WARN_UNGUARDED_AVAILABILITY = YES_AGGRESSIVE;
				CLANG_WARN_UNREACHABLE_CODE = YES;
				CLANG_WARN__DUPLICATE_METHOD_MATCH = YES;
				COPY_PHASE_STRIP = NO;
				DEBUG_INFORMATION_FORMAT = "dwarf-with-dsym";
				ENABLE_NS_ASSERTIONS = NO;
				ENABLE_STRICT_OBJC_MSGSEND = YES;
				GCC_C_LANGUAGE_STANDARD = gnu11;
				GCC_NO_COMMON_BLOCKS = YES;
				GCC_WARN_64_TO_32_BIT_CONVERSION = YES;
				GCC_WARN_ABOUT_RETURN_TYPE = YES_ERROR;
				GCC_WARN_UNDECLARED_SELECTOR = YES;
				GCC_WARN_UNINITIALIZED_AUTOS = YES_AGGRESSIVE;
				GCC_WARN_UNUSED_FUNCTION = YES;
				GCC_WARN_UNUSED_VARIABLE = YES;
				IPHONEOS_DEPLOYMENT_TARGET = 14.5;
				MTL_ENABLE_DEBUG_INFO = NO;
				MTL_FAST_MATH = YES;
				SDKROOT = iphoneos;
				SWIFT_COMPILATION_MODE = wholemodule;
				SWIFT_OPTIMIZATION_LEVEL = "-O";
				VALIDATE_PRODUCT = YES;
			};
			name = Release;
		};
		14DAEDB726AC680D00683E6D /* Debug */ = {
			isa = XCBuildConfiguration;
			buildSettings = {
				ASSETCATALOG_COMPILER_APPICON_NAME = AppIcon;
				ASSETCATALOG_COMPILER_GLOBAL_ACCENT_COLOR_NAME = AccentColor;
				CODE_SIGN_STYLE = Automatic;
				DEVELOPMENT_ASSET_PATHS = "\"CheckListsSwiftUI/Preview Content\"";
				DEVELOPMENT_TEAM = BBD9R4HKY2;
				ENABLE_PREVIEWS = YES;
				INFOPLIST_FILE = CheckListsSwiftUI/Info.plist;
				LD_RUNPATH_SEARCH_PATHS = (
					"$(inherited)",
					"@executable_path/Frameworks",
				);
				PRODUCT_BUNDLE_IDENTIFIER = HellizarApps.com.CheckListsSwiftUI;
				PRODUCT_NAME = "$(TARGET_NAME)";
				SWIFT_VERSION = 5.0;
				TARGETED_DEVICE_FAMILY = "1,2";
			};
			name = Debug;
		};
		14DAEDB826AC680D00683E6D /* Release */ = {
			isa = XCBuildConfiguration;
			buildSettings = {
				ASSETCATALOG_COMPILER_APPICON_NAME = AppIcon;
				ASSETCATALOG_COMPILER_GLOBAL_ACCENT_COLOR_NAME = AccentColor;
				CODE_SIGN_STYLE = Automatic;
				DEVELOPMENT_ASSET_PATHS = "\"CheckListsSwiftUI/Preview Content\"";
				DEVELOPMENT_TEAM = BBD9R4HKY2;
				ENABLE_PREVIEWS = YES;
				INFOPLIST_FILE = CheckListsSwiftUI/Info.plist;
				LD_RUNPATH_SEARCH_PATHS = (
					"$(inherited)",
					"@executable_path/Frameworks",
				);
				PRODUCT_BUNDLE_IDENTIFIER = HellizarApps.com.CheckListsSwiftUI;
				PRODUCT_NAME = "$(TARGET_NAME)";
				SWIFT_VERSION = 5.0;
				TARGETED_DEVICE_FAMILY = "1,2";
			};
			name = Release;
		};
/* End XCBuildConfiguration section */

/* Begin XCConfigurationList section */
		14DAED9D26AC680B00683E6D /* Build configuration list for PBXProject "CheckListsSwiftUI" */ = {
			isa = XCConfigurationList;
			buildConfigurations = (
				14DAEDB426AC680D00683E6D /* Debug */,
				14DAEDB526AC680D00683E6D /* Release */,
			);
			defaultConfigurationIsVisible = 0;
			defaultConfigurationName = Release;
		};
		14DAEDB626AC680D00683E6D /* Build configuration list for PBXNativeTarget "CheckListsSwiftUI" */ = {
			isa = XCConfigurationList;
			buildConfigurations = (
				14DAEDB726AC680D00683E6D /* Debug */,
				14DAEDB826AC680D00683E6D /* Release */,
			);
			defaultConfigurationIsVisible = 0;
			defaultConfigurationName = Release;
		};
/* End XCConfigurationList section */
	};
	rootObject = 14DAED9A26AC680B00683E6D /* Project object */;
}
